<?xml version="1.0" encoding="utf-8"?>
<Project ToolsVersion="4.0" xmlns="http://schemas.microsoft.com/developer/msbuild/2003">
  <ItemGroup>
    <Filter Include="源文件">
      <UniqueIdentifier>{4FC737F1-C7A5-4376-A066-2A32D752A2FF}</UniqueIdentifier>
      <Extensions>cpp;c;cc;cxx;def;odl;idl;hpj;bat;asm;asmx</Extensions>
    </Filter>
    <Filter Include="头文件">
      <UniqueIdentifier>{93995380-89BD-4b04-88EB-625FBE52EBFB}</UniqueIdentifier>
      <Extensions>h;hh;hpp;hxx;hm;inl;inc;xsd</Extensions>
    </Filter>
    <Filter Include="资源文件">
      <UniqueIdentifier>{67DA6AB6-F800-4c08-8B7A-83BB121AAD01}</UniqueIdentifier>
      <Extensions>rc;ico;cur;bmp;dlg;rc2;rct;bin;rgs;gif;jpg;jpeg;jpe;resx;tiff;tif;png;wav;mfcribbon-ms</Extensions>
    </Filter>
    <Filter Include="任务管理器">
      <UniqueIdentifier>{340bbc3e-6d27-4dfa-b00b-62eb7d353427}</UniqueIdentifier>
    </Filter>
    <Filter Include="PE解析器">
      <UniqueIdentifier>{3724aa88-33fd-40c2-8fca-7beb79231e0a}</UniqueIdentifier>
    </Filter>
    <Filter Include="垃圾清理">
      <UniqueIdentifier>{c07d612a-f060-4b62-a7bb-ecdfb8a842bf}</UniqueIdentifier>
    </Filter>
    <Filter Include="病毒查杀">
      <UniqueIdentifier>{01a4866b-bed9-4d60-8400-e758f0ec9dd3}</UniqueIdentifier>
    </Filter>
  </ItemGroup>
  <ItemGroup>
    <Text Include="ReadMe.txt" />
  </ItemGroup>
  <ItemGroup>
    <ClInclude Include="安全防护.h">
      <Filter>头文件</Filter>
    </ClInclude>
    <ClInclude Include="安全防护Dlg.h">
      <Filter>头文件</Filter>
    </ClInclude>
    <ClInclude Include="stdafx.h">
      <Filter>头文件</Filter>
    </ClInclude>
    <ClInclude Include="targetver.h">
      <Filter>头文件</Filter>
    </ClInclude>
    <ClInclude Include="Tool.h">
      <Filter>头文件</Filter>
    </ClInclude>
    <ClInclude Include="TaskManager.h">
      <Filter>任务管理器</Filter>
    </ClInclude>
    <ClInclude Include="Thread.h">
      <Filter>任务管理器</Filter>
    </ClInclude>
    <ClInclude Include="Pe.h">
      <Filter>PE解析器</Filter>
    </ClInclude>
    <ClInclude Include="ImportTable.h">
      <Filter>PE解析器</Filter>
    </ClInclude>
    <ClInclude Include="ExportTable.h">
      <Filter>PE解析器</Filter>
    </ClInclude>
    <ClInclude Include="DirInfo.h">
      <Filter>PE解析器</Filter>
    </ClInclude>
    <ClInclude Include="RelocateTable.h">
      <Filter>PE解析器</Filter>
    </ClInclude>
    <ClInclude Include="Resource.h">
      <Filter>PE解析器</Filter>
    </ClInclude>
    <ClInclude Include="ResourceTable.h">
      <Filter>PE解析器</Filter>
    </ClInclude>
    <ClInclude Include="SectionInfo.h">
      <Filter>PE解析器</Filter>
    </ClInclude>
    <ClInclude Include="Module.h">
      <Filter>任务管理器</Filter>
    </ClInclude>
    <ClInclude Include="MemoryManager.h">
      <Filter>任务管理器</Filter>
    </ClInclude>
    <ClInclude Include="TrashClean.h">
      <Filter>垃圾清理</Filter>
    </ClInclude>
    <ClInclude Include="ServiceManager.h">
      <Filter>任务管理器</Filter>
    </ClInclude>
    <ClInclude Include="KillVirus.h">
      <Filter>病毒查杀</Filter>
    </ClInclude>
    <ClInclude Include="Md5.h">
      <Filter>病毒查杀</Filter>
    </ClInclude>
    <ClInclude Include="WhiteListKill.h">
      <Filter>病毒查杀</Filter>
    </ClInclude>
    <ClInclude Include="ClientSocket.h">
      <Filter>病毒查杀</Filter>
    </ClInclude>
  </ItemGroup>
  <ItemGroup>
    <ClCompile Include="安全防护.cpp">
      <Filter>源文件</Filter>
    </ClCompile>
    <ClCompile Include="安全防护Dlg.cpp">
      <Filter>源文件</Filter>
    </ClCompile>
    <ClCompile Include="stdafx.cpp">
      <Filter>源文件</Filter>
    </ClCompile>
    <ClCompile Include="Tool.cpp">
      <Filter>源文件</Filter>
    </ClCompile>
    <ClCompile Include="TaskManager.cpp">
      <Filter>任务管理器</Filter>
    </ClCompile>
    <ClCompile Include="Thread.cpp">
      <Filter>任务管理器</Filter>
    </ClCompile>
    <ClCompile Include="DirInfo.cpp">
      <Filter>PE解析器</Filter>
    </ClCompile>
    <ClCompile Include="ExportTable.cpp">
      <Filter>PE解析器</Filter>
    </ClCompile>
    <ClCompile Include="ImportTable.cpp">
      <Filter>PE解析器</Filter>
    </ClCompile>
    <ClCompile Include="Pe.cpp">
      <Filter>PE解析器</Filter>
    </ClCompile>
    <ClCompile Include="RelocateTable.cpp">
      <Filter>PE解析器</Filter>
    </ClCompile>
    <ClCompile Include="ResourceTable.cpp">
      <Filter>PE解析器</Filter>
    </ClCompile>
    <ClCompile Include="SectionInfo.cpp">
      <Filter>PE解析器</Filter>
    </ClCompile>
    <ClCompile Include="Module.cpp">
      <Filter>任务管理器</Filter>
    </ClCompile>
    <ClCompile Include="MemoryManager.cpp">
      <Filter>任务管理器</Filter>
    </ClCompile>
    <ClCompile Include="TrashClean.cpp">
      <Filter>垃圾清理</Filter>
    </ClCompile>
    <ClCompile Include="ServiceManager.cpp">
      <Filter>任务管理器</Filter>
    </ClCompile>
    <ClCompile Include="KillVirus.cpp">
      <Filter>病毒查杀</Filter>
    </ClCompile>
    <ClCompile Include="Md5.cpp">
      <Filter>病毒查杀</Filter>
    </ClCompile>
    <ClCompile Include="WhiteListKill.cpp">
      <Filter>病毒查杀</Filter>
    </ClCompile>
    <ClCompile Include="ClientSocket.cpp">
      <Filter>病毒查杀</Filter>
    </ClCompile>
  </ItemGroup>
  <ItemGroup>
    <ResourceCompile Include="安全防护.rc">
      <Filter>资源文件</Filter>
    </ResourceCompile>
  </ItemGroup>
  <ItemGroup>
    <None Include="res\My.rc2">
      <Filter>资源文件</Filter>
    </None>
  </ItemGroup>
  <ItemGroup>
    <Image Include="res\安全防护.ico">
      <Filter>资源文件</Filter>
    </Image>
  </ItemGroup>
</Project>